
Microsoft Visual Studio Solution File, Format Version 12.00
# Visual Studio Version 17
VisualStudioVersion = 17.8.34330.188
MinimumVisualStudioVersion = 10.0.40219.1
Project("{8BC9CEB8-8B4A-11D0-8D11-00A0C91BC942}") = "qutoe_cpp_point_c", "qutoe_cpp_point_c\qutoe_cpp_point_c.vcxproj", "{B0FBB770-4EE2-4B26-81CF-CDC9E8C50F67}"
EndProject
Global
	GlobalSection(SolutionConfigurationPlatforms) = preSolution
		Debug|x64 = Debug|x64
		Debug|x86 = Debug|x86
		Release|x64 = Release|x64
		Release|x86 = Release|x86
	EndGlobalSection
	GlobalSection(ProjectConfigurationPlatforms) = postSolution
		{B0FBB770-4EE2-4B26-81CF-CDC9E8C50F67}.Debug|x64.ActiveCfg = Debug|x64
		{B0FBB770-4EE2-4B26-81CF-CDC9E8C50F67}.Debug|x64.Build.0 = Debug|x64
		{B0FBB770-4EE2-4B26-81CF-CDC9E8C50F67}.Debug|x86.ActiveCfg = Debug|Win32
		{B0FBB770-4EE2-4B26-81CF-CDC9E8C50F67}.Debug|x86.Build.0 = Debug|Win32
		{B0FBB770-4EE2-4B26-81CF-CDC9E8C50F67}.Release|x64.ActiveCfg = Release|x64
		{B0FBB770-4EE2-4B26-81CF-CDC9E8C50F67}.Release|x64.Build.0 = Release|x64
		{B0FBB770-4EE2-4B26-81CF-CDC9E8C50F67}.Release|x86.ActiveCfg = Release|Win32
		{B0FBB770-4EE2-4B26-81CF-CDC9E8C50F67}.Release|x86.Build.0 = Release|Win32
	EndGlobalSection
	GlobalSection(SolutionProperties) = preSolution
		HideSolutionNode = FALSE
	EndGlobalSection
	GlobalSection(ExtensibilityGlobals) = postSolution
		SolutionGuid = {7CE27E95-C23A-4529-8FBB-96065D6C8FFE}
	EndGlobalSection
EndGlobal
