
Microsoft Visual Studio Solution File, Format Version 12.00
# Visual Studio Version 17
VisualStudioVersion = 17.8.34330.188
MinimumVisualStudioVersion = 10.0.40219.1
Project("{8BC9CEB8-8B4A-11D0-8D11-00A0C91BC942}") = "elevator_STL_Case", "elevator_STL_Case\elevator_STL_Case.vcxproj", "{CAB78DE1-FCCB-45B2-AD97-9A6F2CC321C9}"
EndProject
Global
	GlobalSection(SolutionConfigurationPlatforms) = preSolution
		Debug|x64 = Debug|x64
		Debug|x86 = Debug|x86
		Release|x64 = Release|x64
		Release|x86 = Release|x86
	EndGlobalSection
	GlobalSection(ProjectConfigurationPlatforms) = postSolution
		{CAB78DE1-FCCB-45B2-AD97-9A6F2CC321C9}.Debug|x64.ActiveCfg = Debug|x64
		{CAB78DE1-FCCB-45B2-AD97-9A6F2CC321C9}.Debug|x64.Build.0 = Debug|x64
		{CAB78DE1-FCCB-45B2-AD97-9A6F2CC321C9}.Debug|x86.ActiveCfg = Debug|Win32
		{CAB78DE1-FCCB-45B2-AD97-9A6F2CC321C9}.Debug|x86.Build.0 = Debug|Win32
		{CAB78DE1-FCCB-45B2-AD97-9A6F2CC321C9}.Release|x64.ActiveCfg = Release|x64
		{CAB78DE1-FCCB-45B2-AD97-9A6F2CC321C9}.Release|x64.Build.0 = Release|x64
		{CAB78DE1-FCCB-45B2-AD97-9A6F2CC321C9}.Release|x86.ActiveCfg = Release|Win32
		{CAB78DE1-FCCB-45B2-AD97-9A6F2CC321C9}.Release|x86.Build.0 = Release|Win32
	EndGlobalSection
	GlobalSection(SolutionProperties) = preSolution
		HideSolutionNode = FALSE
	EndGlobalSection
	GlobalSection(ExtensibilityGlobals) = postSolution
		SolutionGuid = {56E9972A-5B00-46E8-8630-A5BB1A46D3E1}
	EndGlobalSection
EndGlobal
